<?xml version="1.0" encoding="UTF-8"?>
<Scheme
   LastUpgradeVersion = "1020"
   version = "1.3">
   <BuildAction
      parallelizeBuildables = "YES"
      buildImplicitDependencies = "YES">
      <BuildActionEntries>
         <BuildActionEntry
            buildForTesting = "YES"
            buildForRunning = "YES"
            buildForProfiling = "YES"
            buildForArchiving = "YES"
            buildForAnalyzing = "YES">
            <BuildableReference
               BuildableIdentifier = "primary"
               BlueprintIdentifier = "9842806C2248A4C900A6ADA3"
               BuildableName = "ojph_compress"
               BlueprintName = "ojph_compress"
               ReferencedContainer = "container:apps.xcodeproj">
            </BuildableReference>
         </BuildActionEntry>
      </BuildActionEntries>
   </BuildAction>
   <TestAction
      buildConfiguration = "Debug"
      selectedDebuggerIdentifier = "Xcode.DebuggerFoundation.Debugger.LLDB"
      selectedLauncherIdentifier = "Xcode.DebuggerFoundation.Launcher.LLDB"
      shouldUseLaunchSchemeArgsEnv = "YES">
      <MacroExpansion>
         <BuildableReference
            BuildableIdentifier = "primary"
            BlueprintIdentifier = "9842806C2248A4C900A6ADA3"
            BuildableName = "ojph_compress"
            BlueprintName = "ojph_compress"
            ReferencedContainer = "container:apps.xcodeproj">
         </BuildableReference>
      </MacroExpansion>
      <Testables>
      </Testables>
   </TestAction>
   <LaunchAction
      buildConfiguration = "Debug"
      selectedDebuggerIdentifier = "Xcode.DebuggerFoundation.Debugger.LLDB"
      selectedLauncherIdentifier = "Xcode.DebuggerFoundation.Launcher.LLDB"
      launchStyle = "0"
      useCustomWorkingDirectory = "YES"
      customWorkingDirectory = "/Users/aous/Google Drive/OpenJPH/mytest"
      ignoresPersistentStateOnLaunch = "NO"
      debugDocumentVersioning = "YES"
      debugServiceExtension = "internal"
      allowLocationSimulation = "YES">
      <BuildableProductRunnable
         runnableDebuggingMode = "0">
         <BuildableReference
            BuildableIdentifier = "primary"
            BlueprintIdentifier = "9842806C2248A4C900A6ADA3"
            BuildableName = "ojph_compress"
            BlueprintName = "ojph_compress"
            ReferencedContainer = "container:apps.xcodeproj">
         </BuildableReference>
      </BuildableProductRunnable>
      <CommandLineArguments>
         <CommandLineArgument
            argument = "-i ARRI_AlexaDrums_3840x2160p_24_8b_P3_444_00000.ppm -o test.j2c -num_decomps 5 -block_size \{64,64\} -precincts \{1024,2\} -prog_order CPRL -colour_trans true -tile_size \{343,121\} -image_offset \{37,21\} -tile_offset \{2,11\}"
            isEnabled = "NO">
         </CommandLineArgument>
         <CommandLineArgument
            argument = "-i ARRI_AlexaDrums_3840x2160p_24_8b_P3_444_00000.ppm -o test.j2c -block_size \{64,64\} -precincts \{128,128\},\{256,256\}"
            isEnabled = "NO">
         </CommandLineArgument>
         <CommandLineArgument
            argument = "-i 15512894668_2e5581297c_o.ppm -o test.j2c -num_decomps 5 -block_size \{64,64\} -precincts \{128,128\},\{256,256\} -prog_order CPRL"
            isEnabled = "NO">
         </CommandLineArgument>
         <CommandLineArgument
            argument = "-i 155.ppm -o test.j2c -num_decomps 5 -block_size \{64,64\} -precincts \{128,128\},\{256,256\} -prog_order CPRL"
            isEnabled = "NO">
         </CommandLineArgument>
         <CommandLineArgument
            argument = "-i Gray16.yuv -o test.j2c -num_decomps 5 -dims \{2688,1520\} -num_comps 1 -signed true -bit_depth 16 -downsamp \{1,1\}  -reversible true"
            isEnabled = "NO">
         </CommandLineArgument>
         <CommandLineArgument
            argument = "-i t5-334.pgm -o test.j2c -num_decomps 2 -block_size \{64,64\} -precincts \{1024,2\} -prog_order CPRL -image_offset \{1717,374\} -tile_offset \{1717,374\} -tile_size \{343,121\}"
            isEnabled = "NO">
         </CommandLineArgument>
         <CommandLineArgument
            argument = "-i t5-334.pgm -o test.j2c -num_decomps 2 -block_size \{64,64\} -precincts \{1024,2\} -prog_order CPRL -image_offset \{1717,374\} -tile_offset \{1717,374\}"
            isEnabled = "NO">
         </CommandLineArgument>
         <CommandLineArgument
            argument = "-i lena.pgm -o test.j2c -num_decomps 1 -block_size \{8,8\} -prog_order CPRL -image_offset \{37,21\} -precincts \{16,16\}"
            isEnabled = "NO">
         </CommandLineArgument>
         <CommandLineArgument
            argument = "-i lena.pgm -o test.j2c -num_decomps 1 -block_size \{8,8\} -prog_order CPRL -image_offset \{37,21\} -precincts \{16,16\}"
            isEnabled = "NO">
         </CommandLineArgument>
         <CommandLineArgument
            argument = "-i ARRI_AlexaDrums_3840x2160p_24_8b_P3_444_00000.ppm"
            isEnabled = "NO">
         </CommandLineArgument>
         <CommandLineArgument
            argument = "-i VQEG_CrowdRun_3840x2160p_50_10b_bt709_422_07111.yuv"
            isEnabled = "NO">
         </CommandLineArgument>
         <CommandLineArgument
            argument = "-dims \{3840,2160\}"
            isEnabled = "NO">
         </CommandLineArgument>
         <CommandLineArgument
            argument = "-num_comps 3"
            isEnabled = "NO">
         </CommandLineArgument>
         <CommandLineArgument
            argument = "-signed false"
            isEnabled = "NO">
         </CommandLineArgument>
         <CommandLineArgument
            argument = "-bit_depth 10"
            isEnabled = "NO">
         </CommandLineArgument>
         <CommandLineArgument
            argument = "-downsamp \{1,1\},\{2,1\}"
            isEnabled = "NO">
         </CommandLineArgument>
         <CommandLineArgument
            argument = "-i flower_cif.yuv"
            isEnabled = "NO">
         </CommandLineArgument>
         <CommandLineArgument
            argument = "-i park_joy_420_720p50.yuv_1280x720_50.yuv"
            isEnabled = "NO">
         </CommandLineArgument>
         <CommandLineArgument
            argument = "-dims \{1280,720\}"
            isEnabled = "NO">
         </CommandLineArgument>
         <CommandLineArgument
            argument = "-num_comps 3"
            isEnabled = "NO">
         </CommandLineArgument>
         <CommandLineArgument
            argument = "-signed false"
            isEnabled = "NO">
         </CommandLineArgument>
         <CommandLineArgument
            argument = "-bit_depth 8"
            isEnabled = "NO">
         </CommandLineArgument>
         <CommandLineArgument
            argument = "-downsamp \{1,1\},\{2,2\}"
            isEnabled = "NO">
         </CommandLineArgument>
         <CommandLineArgument
            argument = "-i p0_01u_part15_TT.pgm"
            isEnabled = "NO">
         </CommandLineArgument>
         <CommandLineArgument
            argument = "-i h_lines.pgm"
            isEnabled = "NO">
         </CommandLineArgument>
         <CommandLineArgument
            argument = "-i v_lines.pgm"
            isEnabled = "NO">
         </CommandLineArgument>
         <CommandLineArgument
            argument = "-i lena.pgm"
            isEnabled = "NO">
         </CommandLineArgument>
         <CommandLineArgument
            argument = "-i lena.ppm"
            isEnabled = "NO">
         </CommandLineArgument>
         <CommandLineArgument
            argument = "-i lena.y00"
            isEnabled = "NO">
         </CommandLineArgument>
         <CommandLineArgument
            argument = "-o test.j2c"
            isEnabled = "NO">
         </CommandLineArgument>
         <CommandLineArgument
            argument = "-num_decomps 6"
            isEnabled = "NO">
         </CommandLineArgument>
         <CommandLineArgument
            argument = "-num_decomps 2"
            isEnabled = "NO">
         </CommandLineArgument>
         <CommandLineArgument
            argument = "-num_decomps 1"
            isEnabled = "NO">
         </CommandLineArgument>
         <CommandLineArgument
            argument = "-num_decomps 0"
            isEnabled = "NO">
         </CommandLineArgument>
         <CommandLineArgument
            argument = "-prog_order LRCP "
            isEnabled = "NO">
         </CommandLineArgument>
         <CommandLineArgument
            argument = "-prog_order RLCP"
            isEnabled = "NO">
         </CommandLineArgument>
         <CommandLineArgument
            argument = "-prog_order RPCL"
            isEnabled = "NO">
         </CommandLineArgument>
         <CommandLineArgument
            argument = "-prog_order PCRL"
            isEnabled = "NO">
         </CommandLineArgument>
         <CommandLineArgument
            argument = "-prog_order CPRL"
            isEnabled = "NO">
         </CommandLineArgument>
         <CommandLineArgument
            argument = "-block_size \{4,1024\}"
            isEnabled = "NO">
         </CommandLineArgument>
         <CommandLineArgument
            argument = "-block_size \{64,64\}"
            isEnabled = "NO">
         </CommandLineArgument>
         <CommandLineArgument
            argument = "-block_size \{1024,4\}"
            isEnabled = "NO">
         </CommandLineArgument>
         <CommandLineArgument
            argument = "-block_size \{32,32\}"
            isEnabled = "NO">
         </CommandLineArgument>
         <CommandLineArgument
            argument = "-block_size \{16,16\}"
            isEnabled = "NO">
         </CommandLineArgument>
         <CommandLineArgument
            argument = "-block_size \{32,128\}"
            isEnabled = "NO">
         </CommandLineArgument>
         <CommandLineArgument
            argument = "-precincts \{256,256\},\{512,512\}"
            isEnabled = "NO">
         </CommandLineArgument>
         <CommandLineArgument
            argument = "-precincts \{128,128\},\{256,256\}"
            isEnabled = "NO">
         </CommandLineArgument>
         <CommandLineArgument
            argument = "-precincts \{2,512\}"
            isEnabled = "NO">
         </CommandLineArgument>
         <CommandLineArgument
            argument = "-precincts \{1024,2\}"
            isEnabled = "NO">
         </CommandLineArgument>
         <CommandLineArgument
            argument = "-precincts \{8,2048\}"
            isEnabled = "NO">
         </CommandLineArgument>
         <CommandLineArgument
            argument = "-reversible true"
            isEnabled = "NO">
         </CommandLineArgument>
         <CommandLineArgument
            argument = "-colour_trans false"
            isEnabled = "NO">
         </CommandLineArgument>
         <CommandLineArgument
            argument = "-qstep 0.04"
            isEnabled = "NO">
         </CommandLineArgument>
         <CommandLineArgument
            argument = "-profile IMF"
            isEnabled = "NO">
         </CommandLineArgument>
         <CommandLineArgument
            argument = "-profile BROADCAST"
            isEnabled = "NO">
         </CommandLineArgument>
         <CommandLineArgument
            argument = "-tile_size \{1024,1024\}"
            isEnabled = "NO">
         </CommandLineArgument>
         <CommandLineArgument
            argument = "-i ARRI_AlexaDrums_3840x2160p_24_8b_P3_444_00000.ppm -o test.j2c -block_size \{32,32\} -precincts \{128,128\},\{256,256\}"
            isEnabled = "NO">
         </CommandLineArgument>
         <CommandLineArgument
            argument = "-i ARRI_AlexaDrums_3840x2160p_24_10b_bt709_444_00162.ppm -o test.j2c -profile IMF -block_size \{32,32\} -precincts \{128,128\},\{256,256\} -prog_order CPRL -reversible true"
            isEnabled = "YES">
         </CommandLineArgument>
      </CommandLineArguments>
   </LaunchAction>
   <ProfileAction
      buildConfiguration = "Release"
      shouldUseLaunchSchemeArgsEnv = "YES"
      savedToolIdentifier = ""
      useCustomWorkingDirectory = "NO"
      debugDocumentVersioning = "YES">
      <BuildableProductRunnable
         runnableDebuggingMode = "0">
         <BuildableReference
            BuildableIdentifier = "primary"
            BlueprintIdentifier = "9842806C2248A4C900A6ADA3"
            BuildableName = "ojph_compress"
            BlueprintName = "ojph_compress"
            ReferencedContainer = "container:apps.xcodeproj">
         </BuildableReference>
      </BuildableProductRunnable>
   </ProfileAction>
   <AnalyzeAction
      buildConfiguration = "Debug">
   </AnalyzeAction>
   <ArchiveAction
      buildConfiguration = "Release"
      revealArchiveInOrganizer = "YES">
   </ArchiveAction>
</Scheme>
