// !$*UTF8*$!
{
	archiveVersion = 1;
	classes = {
	};
	objectVersion = 50;
	objects = {

/* Begin PBXAggregateTarget section */
		986A5666232E384E000C54DC /* Build All */ = {
			isa = PBXAggregateTarget;
			buildConfigurationList = 986A5667232E384F000C54DC /* Build configuration list for PBXAggregateTarget "Build All" */;
			buildPhases = (
			);
			dependencies = (
				986A566B232E385D000C54DC /* PBXTargetDependency */,
				986A566D232E3860000C54DC /* PBXTargetDependency */,
				986A566F232E3863000C54DC /* PBXTargetDependency */,
			);
			name = "Build All";
			productName = "Build All";
		};
/* End PBXAggregateTarget section */

/* Begin PBXBuildFile section */
		9826E1DF2314D6A20004C8DC /* libopenjph-0.0.0.dylib in Frameworks */ = {isa = PBXBuildFile; fileRef = 9826E1CF2314D3160004C8DC /* libopenjph-0.0.0.dylib */; };
		9826E1E02314D6A80004C8DC /* libopenjph-0.0.0.dylib in Frameworks */ = {isa = PBXBuildFile; fileRef = 9826E1CF2314D3160004C8DC /* libopenjph-0.0.0.dylib */; };
		984280802248A50600A6ADA3 /* ojph_expand.cpp in Sources */ = {isa = PBXBuildFile; fileRef = 9842807F2248A50600A6ADA3 /* ojph_expand.cpp */; };
		984280812248A58400A6ADA3 /* ojph_compress.cpp in Sources */ = {isa = PBXBuildFile; fileRef = 984280562248A3E700A6ADA3 /* ojph_compress.cpp */; };
		986A5664232E3731000C54DC /* ojph_img_io.cpp in Sources */ = {isa = PBXBuildFile; fileRef = 986A5663232E3731000C54DC /* ojph_img_io.cpp */; };
		986A5665232E3751000C54DC /* ojph_img_io.cpp in Sources */ = {isa = PBXBuildFile; fileRef = 986A5663232E3731000C54DC /* ojph_img_io.cpp */; };
/* End PBXBuildFile section */

/* Begin PBXContainerItemProxy section */
		98264D5C2314A73E000F1DE7 /* PBXContainerItemProxy */ = {
			isa = PBXContainerItemProxy;
			containerPortal = 984280822248A5A100A6ADA3 /* core.xcodeproj */;
			proxyType = 1;
			remoteGlobalIDString = 9826E1A82314D2A10004C8DC;
			remoteInfo = openjph;
		};
		98264D5E2314A74C000F1DE7 /* PBXContainerItemProxy */ = {
			isa = PBXContainerItemProxy;
			containerPortal = 984280822248A5A100A6ADA3 /* core.xcodeproj */;
			proxyType = 1;
			remoteGlobalIDString = 9826E1A82314D2A10004C8DC;
			remoteInfo = openjph;
		};
		9826E1CE2314D3160004C8DC /* PBXContainerItemProxy */ = {
			isa = PBXContainerItemProxy;
			containerPortal = 984280822248A5A100A6ADA3 /* core.xcodeproj */;
			proxyType = 2;
			remoteGlobalIDString = 9826E1CC2314D2A10004C8DC;
			remoteInfo = openjph;
		};
		986A566A232E385D000C54DC /* PBXContainerItemProxy */ = {
			isa = PBXContainerItemProxy;
			containerPortal = 984280822248A5A100A6ADA3 /* core.xcodeproj */;
			proxyType = 1;
			remoteGlobalIDString = 9826E1A82314D2A10004C8DC;
			remoteInfo = openjph;
		};
		986A566C232E3860000C54DC /* PBXContainerItemProxy */ = {
			isa = PBXContainerItemProxy;
			containerPortal = 9877C338223DDD7C0072398E /* Project object */;
			proxyType = 1;
			remoteGlobalIDString = 9842806C2248A4C900A6ADA3;
			remoteInfo = ojph_compress;
		};
		986A566E232E3863000C54DC /* PBXContainerItemProxy */ = {
			isa = PBXContainerItemProxy;
			containerPortal = 9877C338223DDD7C0072398E /* Project object */;
			proxyType = 1;
			remoteGlobalIDString = 984280772248A4F300A6ADA3;
			remoteInfo = ojph_expand;
		};
/* End PBXContainerItemProxy section */

/* Begin PBXCopyFilesBuildPhase section */
		9842806B2248A4C900A6ADA3 /* CopyFiles */ = {
			isa = PBXCopyFilesBuildPhase;
			buildActionMask = 2147483647;
			dstPath = /usr/share/man/man1/;
			dstSubfolderSpec = 0;
			files = (
			);
			runOnlyForDeploymentPostprocessing = 1;
		};
		984280762248A4F300A6ADA3 /* CopyFiles */ = {
			isa = PBXCopyFilesBuildPhase;
			buildActionMask = 2147483647;
			dstPath = /usr/share/man/man1/;
			dstSubfolderSpec = 0;
			files = (
			);
			runOnlyForDeploymentPostprocessing = 1;
		};
/* End PBXCopyFilesBuildPhase section */

/* Begin PBXFileReference section */
		984280562248A3E700A6ADA3 /* ojph_compress.cpp */ = {isa = PBXFileReference; fileEncoding = 4; lastKnownFileType = sourcecode.cpp.cpp; path = ojph_compress.cpp; sourceTree = "<group>"; };
		9842806D2248A4C900A6ADA3 /* ojph_compress */ = {isa = PBXFileReference; explicitFileType = "compiled.mach-o.executable"; includeInIndex = 0; path = ojph_compress; sourceTree = BUILT_PRODUCTS_DIR; };
		984280782248A4F300A6ADA3 /* ojph_expand */ = {isa = PBXFileReference; explicitFileType = "compiled.mach-o.executable"; includeInIndex = 0; path = ojph_expand; sourceTree = BUILT_PRODUCTS_DIR; };
		9842807F2248A50600A6ADA3 /* ojph_expand.cpp */ = {isa = PBXFileReference; fileEncoding = 4; lastKnownFileType = sourcecode.cpp.cpp; path = ojph_expand.cpp; sourceTree = "<group>"; };
		984280822248A5A100A6ADA3 /* core.xcodeproj */ = {isa = PBXFileReference; lastKnownFileType = "wrapper.pb-project"; name = core.xcodeproj; path = ../core/core.xcodeproj; sourceTree = "<group>"; };
		986A5662232E3727000C54DC /* ojph_img_io.h */ = {isa = PBXFileReference; fileEncoding = 4; lastKnownFileType = sourcecode.c.h; path = ojph_img_io.h; sourceTree = "<group>"; };
		986A5663232E3731000C54DC /* ojph_img_io.cpp */ = {isa = PBXFileReference; fileEncoding = 4; lastKnownFileType = sourcecode.cpp.cpp; path = ojph_img_io.cpp; sourceTree = "<group>"; };
/* End PBXFileReference section */

/* Begin PBXFrameworksBuildPhase section */
		9842806A2248A4C900A6ADA3 /* Frameworks */ = {
			isa = PBXFrameworksBuildPhase;
			buildActionMask = 2147483647;
			files = (
				9826E1DF2314D6A20004C8DC /* libopenjph-0.0.0.dylib in Frameworks */,
			);
			runOnlyForDeploymentPostprocessing = 0;
		};
		984280752248A4F300A6ADA3 /* Frameworks */ = {
			isa = PBXFrameworksBuildPhase;
			buildActionMask = 2147483647;
			files = (
				9826E1E02314D6A80004C8DC /* libopenjph-0.0.0.dylib in Frameworks */,
			);
			runOnlyForDeploymentPostprocessing = 0;
		};
/* End PBXFrameworksBuildPhase section */

/* Begin PBXGroup section */
		9842806E2248A4C900A6ADA3 /* ojph_compress */ = {
			isa = PBXGroup;
			children = (
				984280562248A3E700A6ADA3 /* ojph_compress.cpp */,
			);
			path = ojph_compress;
			sourceTree = "<group>";
		};
		984280792248A4F300A6ADA3 /* ojph_expand */ = {
			isa = PBXGroup;
			children = (
				9842807F2248A50600A6ADA3 /* ojph_expand.cpp */,
			);
			path = ojph_expand;
			sourceTree = "<group>";
		};
		984280832248A5A100A6ADA3 /* Products */ = {
			isa = PBXGroup;
			children = (
				9826E1CF2314D3160004C8DC /* libopenjph-0.0.0.dylib */,
			);
			name = Products;
			sourceTree = "<group>";
		};
		984280882248A5B300A6ADA3 /* Frameworks */ = {
			isa = PBXGroup;
			children = (
			);
			name = Frameworks;
			sourceTree = "<group>";
		};
		986A5660232E36BA000C54DC /* common */ = {
			isa = PBXGroup;
			children = (
				986A5662232E3727000C54DC /* ojph_img_io.h */,
			);
			path = common;
			sourceTree = "<group>";
		};
		986A5661232E36C4000C54DC /* others */ = {
			isa = PBXGroup;
			children = (
				986A5663232E3731000C54DC /* ojph_img_io.cpp */,
			);
			path = others;
			sourceTree = "<group>";
		};
		9877C337223DDD7C0072398E = {
			isa = PBXGroup;
			children = (
				984280822248A5A100A6ADA3 /* core.xcodeproj */,
				986A5660232E36BA000C54DC /* common */,
				986A5661232E36C4000C54DC /* others */,
				9842806E2248A4C900A6ADA3 /* ojph_compress */,
				984280792248A4F300A6ADA3 /* ojph_expand */,
				9877C341223DDD7C0072398E /* Products */,
				984280882248A5B300A6ADA3 /* Frameworks */,
			);
			sourceTree = "<group>";
		};
		9877C341223DDD7C0072398E /* Products */ = {
			isa = PBXGroup;
			children = (
				9842806D2248A4C900A6ADA3 /* ojph_compress */,
				984280782248A4F300A6ADA3 /* ojph_expand */,
			);
			name = Products;
			sourceTree = "<group>";
		};
/* End PBXGroup section */

/* Begin PBXNativeTarget section */
		9842806C2248A4C900A6ADA3 /* ojph_compress */ = {
			isa = PBXNativeTarget;
			buildConfigurationList = 984280712248A4C900A6ADA3 /* Build configuration list for PBXNativeTarget "ojph_compress" */;
			buildPhases = (
				984280692248A4C900A6ADA3 /* Sources */,
				9842806A2248A4C900A6ADA3 /* Frameworks */,
				9842806B2248A4C900A6ADA3 /* CopyFiles */,
			);
			buildRules = (
			);
			dependencies = (
				98264D5D2314A73E000F1DE7 /* PBXTargetDependency */,
			);
			name = ojph_compress;
			productName = htj_compress;
			productReference = 9842806D2248A4C900A6ADA3 /* ojph_compress */;
			productType = "com.apple.product-type.tool";
		};
		984280772248A4F300A6ADA3 /* ojph_expand */ = {
			isa = PBXNativeTarget;
			buildConfigurationList = 9842807C2248A4F300A6ADA3 /* Build configuration list for PBXNativeTarget "ojph_expand" */;
			buildPhases = (
				984280742248A4F300A6ADA3 /* Sources */,
				984280752248A4F300A6ADA3 /* Frameworks */,
				984280762248A4F300A6ADA3 /* CopyFiles */,
			);
			buildRules = (
			);
			dependencies = (
				98264D5F2314A74C000F1DE7 /* PBXTargetDependency */,
			);
			name = ojph_expand;
			productName = htj_expand;
			productReference = 984280782248A4F300A6ADA3 /* ojph_expand */;
			productType = "com.apple.product-type.tool";
		};
/* End PBXNativeTarget section */

/* Begin PBXProject section */
		9877C338223DDD7C0072398E /* Project object */ = {
			isa = PBXProject;
			attributes = {
				LastUpgradeCheck = 1010;
				ORGANIZATIONNAME = "Aous Naman";
				TargetAttributes = {
					9842806C2248A4C900A6ADA3 = {
						CreatedOnToolsVersion = 10.1;
					};
					984280772248A4F300A6ADA3 = {
						CreatedOnToolsVersion = 10.1;
					};
					986A5666232E384E000C54DC = {
						CreatedOnToolsVersion = 10.3;
					};
				};
			};
			buildConfigurationList = 9877C33B223DDD7C0072398E /* Build configuration list for PBXProject "apps" */;
			compatibilityVersion = "Xcode 9.3";
			developmentRegion = en;
			hasScannedForEncodings = 0;
			knownRegions = (
				en,
				Base,
			);
			mainGroup = 9877C337223DDD7C0072398E;
			productRefGroup = 9877C341223DDD7C0072398E /* Products */;
			projectDirPath = "";
			projectReferences = (
				{
					ProductGroup = 984280832248A5A100A6ADA3 /* Products */;
					ProjectRef = 984280822248A5A100A6ADA3 /* core.xcodeproj */;
				},
			);
			projectRoot = "";
			targets = (
				9842806C2248A4C900A6ADA3 /* ojph_compress */,
				984280772248A4F300A6ADA3 /* ojph_expand */,
				986A5666232E384E000C54DC /* Build All */,
			);
		};
/* End PBXProject section */

/* Begin PBXReferenceProxy section */
		9826E1CF2314D3160004C8DC /* libopenjph-0.0.0.dylib */ = {
			isa = PBXReferenceProxy;
			fileType = "compiled.mach-o.dylib";
			path = "libopenjph-0.0.0.dylib";
			remoteRef = 9826E1CE2314D3160004C8DC /* PBXContainerItemProxy */;
			sourceTree = BUILT_PRODUCTS_DIR;
		};
/* End PBXReferenceProxy section */

/* Begin PBXSourcesBuildPhase section */
		984280692248A4C900A6ADA3 /* Sources */ = {
			isa = PBXSourcesBuildPhase;
			buildActionMask = 2147483647;
			files = (
				984280812248A58400A6ADA3 /* ojph_compress.cpp in Sources */,
				986A5664232E3731000C54DC /* ojph_img_io.cpp in Sources */,
			);
			runOnlyForDeploymentPostprocessing = 0;
		};
		984280742248A4F300A6ADA3 /* Sources */ = {
			isa = PBXSourcesBuildPhase;
			buildActionMask = 2147483647;
			files = (
				984280802248A50600A6ADA3 /* ojph_expand.cpp in Sources */,
				986A5665232E3751000C54DC /* ojph_img_io.cpp in Sources */,
			);
			runOnlyForDeploymentPostprocessing = 0;
		};
/* End PBXSourcesBuildPhase section */

/* Begin PBXTargetDependency section */
		98264D5D2314A73E000F1DE7 /* PBXTargetDependency */ = {
			isa = PBXTargetDependency;
			name = openjph;
			targetProxy = 98264D5C2314A73E000F1DE7 /* PBXContainerItemProxy */;
		};
		98264D5F2314A74C000F1DE7 /* PBXTargetDependency */ = {
			isa = PBXTargetDependency;
			name = openjph;
			targetProxy = 98264D5E2314A74C000F1DE7 /* PBXContainerItemProxy */;
		};
		986A566B232E385D000C54DC /* PBXTargetDependency */ = {
			isa = PBXTargetDependency;
			name = openjph;
			targetProxy = 986A566A232E385D000C54DC /* PBXContainerItemProxy */;
		};
		986A566D232E3860000C54DC /* PBXTargetDependency */ = {
			isa = PBXTargetDependency;
			target = 9842806C2248A4C900A6ADA3 /* ojph_compress */;
			targetProxy = 986A566C232E3860000C54DC /* PBXContainerItemProxy */;
		};
		986A566F232E3863000C54DC /* PBXTargetDependency */ = {
			isa = PBXTargetDependency;
			target = 984280772248A4F300A6ADA3 /* ojph_expand */;
			targetProxy = 986A566E232E3863000C54DC /* PBXContainerItemProxy */;
		};
/* End PBXTargetDependency section */

/* Begin XCBuildConfiguration section */
		984280722248A4C900A6ADA3 /* Debug */ = {
			isa = XCBuildConfiguration;
			buildSettings = {
				CODE_SIGN_STYLE = Automatic;
				PRODUCT_NAME = "$(TARGET_NAME)";
				USER_HEADER_SEARCH_PATHS = ../core/common;
			};
			name = Debug;
		};
		984280732248A4C900A6ADA3 /* Release */ = {
			isa = XCBuildConfiguration;
			buildSettings = {
				CODE_SIGN_STYLE = Automatic;
				PRODUCT_NAME = "$(TARGET_NAME)";
				USER_HEADER_SEARCH_PATHS = ../core/common;
			};
			name = Release;
		};
		9842807D2248A4F300A6ADA3 /* Debug */ = {
			isa = XCBuildConfiguration;
			buildSettings = {
				CODE_SIGN_STYLE = Automatic;
				PRODUCT_NAME = "$(TARGET_NAME)";
				USER_HEADER_SEARCH_PATHS = ../core/common;
			};
			name = Debug;
		};
		9842807E2248A4F300A6ADA3 /* Release */ = {
			isa = XCBuildConfiguration;
			buildSettings = {
				CODE_SIGN_STYLE = Automatic;
				PRODUCT_NAME = "$(TARGET_NAME)";
				USER_HEADER_SEARCH_PATHS = ../core/common;
			};
			name = Release;
		};
		986A5668232E384F000C54DC /* Debug */ = {
			isa = XCBuildConfiguration;
			buildSettings = {
				CODE_SIGN_STYLE = Automatic;
				PRODUCT_NAME = "$(TARGET_NAME)";
			};
			name = Debug;
		};
		986A5669232E384F000C54DC /* Release */ = {
			isa = XCBuildConfiguration;
			buildSettings = {
				CODE_SIGN_STYLE = Automatic;
				PRODUCT_NAME = "$(TARGET_NAME)";
			};
			name = Release;
		};
		9877C345223DDD7C0072398E /* Debug */ = {
			isa = XCBuildConfiguration;
			buildSettings = {
				ALWAYS_SEARCH_USER_PATHS = NO;
				CLANG_ANALYZER_NONNULL = YES;
				CLANG_ANALYZER_NUMBER_OBJECT_CONVERSION = YES_AGGRESSIVE;
				CLANG_CXX_LANGUAGE_STANDARD = "gnu++14";
				CLANG_CXX_LIBRARY = "libc++";
				CLANG_ENABLE_MODULES = YES;
				CLANG_ENABLE_OBJC_ARC = YES;
				CLANG_ENABLE_OBJC_WEAK = YES;
				CLANG_WARN_BLOCK_CAPTURE_AUTORELEASING = YES;
				CLANG_WARN_BOOL_CONVERSION = YES;
				CLANG_WARN_COMMA = YES;
				CLANG_WARN_CONSTANT_CONVERSION = YES;
				CLANG_WARN_DEPRECATED_OBJC_IMPLEMENTATIONS = YES;
				CLANG_WARN_DIRECT_OBJC_ISA_USAGE = YES_ERROR;
				CLANG_WARN_DOCUMENTATION_COMMENTS = YES;
				CLANG_WARN_EMPTY_BODY = YES;
				CLANG_WARN_ENUM_CONVERSION = YES;
				CLANG_WARN_INFINITE_RECURSION = YES;
				CLANG_WARN_INT_CONVERSION = YES;
				CLANG_WARN_NON_LITERAL_NULL_CONVERSION = YES;
				CLANG_WARN_OBJC_IMPLICIT_RETAIN_SELF = YES;
				CLANG_WARN_OBJC_LITERAL_CONVERSION = YES;
				CLANG_WARN_OBJC_ROOT_CLASS = YES_ERROR;
				CLANG_WARN_RANGE_LOOP_ANALYSIS = YES;
				CLANG_WARN_STRICT_PROTOTYPES = YES;
				CLANG_WARN_SUSPICIOUS_MOVE = YES;
				CLANG_WARN_UNGUARDED_AVAILABILITY = YES_AGGRESSIVE;
				CLANG_WARN_UNREACHABLE_CODE = YES;
				CLANG_WARN__DUPLICATE_METHOD_MATCH = YES;
				CODE_SIGN_IDENTITY = "-";
				COPY_PHASE_STRIP = NO;
				DEBUG_INFORMATION_FORMAT = dwarf;
				ENABLE_STRICT_OBJC_MSGSEND = YES;
				ENABLE_TESTABILITY = YES;
				GCC_C_LANGUAGE_STANDARD = gnu11;
				GCC_DYNAMIC_NO_PIC = NO;
				GCC_NO_COMMON_BLOCKS = YES;
				GCC_OPTIMIZATION_LEVEL = 0;
				GCC_PREPROCESSOR_DEFINITIONS = (
					"DEBUG=1",
					"$(inherited)",
				);
				GCC_WARN_64_TO_32_BIT_CONVERSION = YES;
				GCC_WARN_ABOUT_RETURN_TYPE = YES_ERROR;
				GCC_WARN_UNDECLARED_SELECTOR = YES;
				GCC_WARN_UNINITIALIZED_AUTOS = YES_AGGRESSIVE;
				GCC_WARN_UNUSED_FUNCTION = YES;
				GCC_WARN_UNUSED_VARIABLE = YES;
				MACOSX_DEPLOYMENT_TARGET = 10.14;
				MTL_ENABLE_DEBUG_INFO = INCLUDE_SOURCE;
				MTL_FAST_MATH = YES;
				ONLY_ACTIVE_ARCH = YES;
				SDKROOT = macosx;
			};
			name = Debug;
		};
		9877C346223DDD7C0072398E /* Release */ = {
			isa = XCBuildConfiguration;
			buildSettings = {
				ALWAYS_SEARCH_USER_PATHS = NO;
				CLANG_ANALYZER_NONNULL = YES;
				CLANG_ANALYZER_NUMBER_OBJECT_CONVERSION = YES_AGGRESSIVE;
				CLANG_CXX_LANGUAGE_STANDARD = "gnu++14";
				CLANG_CXX_LIBRARY = "libc++";
				CLANG_ENABLE_MODULES = YES;
				CLANG_ENABLE_OBJC_ARC = YES;
				CLANG_ENABLE_OBJC_WEAK = YES;
				CLANG_WARN_BLOCK_CAPTURE_AUTORELEASING = YES;
				CLANG_WARN_BOOL_CONVERSION = YES;
				CLANG_WARN_COMMA = YES;
				CLANG_WARN_CONSTANT_CONVERSION = YES;
				CLANG_WARN_DEPRECATED_OBJC_IMPLEMENTATIONS = YES;
				CLANG_WARN_DIRECT_OBJC_ISA_USAGE = YES_ERROR;
				CLANG_WARN_DOCUMENTATION_COMMENTS = YES;
				CLANG_WARN_EMPTY_BODY = YES;
				CLANG_WARN_ENUM_CONVERSION = YES;
				CLANG_WARN_INFINITE_RECURSION = YES;
				CLANG_WARN_INT_CONVERSION = YES;
				CLANG_WARN_NON_LITERAL_NULL_CONVERSION = YES;
				CLANG_WARN_OBJC_IMPLICIT_RETAIN_SELF = YES;
				CLANG_WARN_OBJC_LITERAL_CONVERSION = YES;
				CLANG_WARN_OBJC_ROOT_CLASS = YES_ERROR;
				CLANG_WARN_RANGE_LOOP_ANALYSIS = YES;
				CLANG_WARN_STRICT_PROTOTYPES = YES;
				CLANG_WARN_SUSPICIOUS_MOVE = YES;
				CLANG_WARN_UNGUARDED_AVAILABILITY = YES_AGGRESSIVE;
				CLANG_WARN_UNREACHABLE_CODE = YES;
				CLANG_WARN__DUPLICATE_METHOD_MATCH = YES;
				CODE_SIGN_IDENTITY = "-";
				COPY_PHASE_STRIP = NO;
				DEBUG_INFORMATION_FORMAT = "dwarf-with-dsym";
				ENABLE_NS_ASSERTIONS = NO;
				ENABLE_STRICT_OBJC_MSGSEND = YES;
				GCC_C_LANGUAGE_STANDARD = gnu11;
				GCC_NO_COMMON_BLOCKS = YES;
				GCC_WARN_64_TO_32_BIT_CONVERSION = YES;
				GCC_WARN_ABOUT_RETURN_TYPE = YES_ERROR;
				GCC_WARN_UNDECLARED_SELECTOR = YES;
				GCC_WARN_UNINITIALIZED_AUTOS = YES_AGGRESSIVE;
				GCC_WARN_UNUSED_FUNCTION = YES;
				GCC_WARN_UNUSED_VARIABLE = YES;
				MACOSX_DEPLOYMENT_TARGET = 10.14;
				MTL_ENABLE_DEBUG_INFO = NO;
				MTL_FAST_MATH = YES;
				SDKROOT = macosx;
			};
			name = Release;
		};
/* End XCBuildConfiguration section */

/* Begin XCConfigurationList section */
		984280712248A4C900A6ADA3 /* Build configuration list for PBXNativeTarget "ojph_compress" */ = {
			isa = XCConfigurationList;
			buildConfigurations = (
				984280722248A4C900A6ADA3 /* Debug */,
				984280732248A4C900A6ADA3 /* Release */,
			);
			defaultConfigurationIsVisible = 0;
			defaultConfigurationName = Release;
		};
		9842807C2248A4F300A6ADA3 /* Build configuration list for PBXNativeTarget "ojph_expand" */ = {
			isa = XCConfigurationList;
			buildConfigurations = (
				9842807D2248A4F300A6ADA3 /* Debug */,
				9842807E2248A4F300A6ADA3 /* Release */,
			);
			defaultConfigurationIsVisible = 0;
			defaultConfigurationName = Release;
		};
		986A5667232E384F000C54DC /* Build configuration list for PBXAggregateTarget "Build All" */ = {
			isa = XCConfigurationList;
			buildConfigurations = (
				986A5668232E384F000C54DC /* Debug */,
				986A5669232E384F000C54DC /* Release */,
			);
			defaultConfigurationIsVisible = 0;
			defaultConfigurationName = Release;
		};
		9877C33B223DDD7C0072398E /* Build configuration list for PBXProject "apps" */ = {
			isa = XCConfigurationList;
			buildConfigurations = (
				9877C345223DDD7C0072398E /* Debug */,
				9877C346223DDD7C0072398E /* Release */,
			);
			defaultConfigurationIsVisible = 0;
			defaultConfigurationName = Release;
		};
/* End XCConfigurationList section */
	};
	rootObject = 9877C338223DDD7C0072398E /* Project object */;
}
