// !$*UTF8*$!
{
	archiveVersion = 1;
	classes = {
	};
	objectVersion = 50;
	objects = {

/* Begin PBXBuildFile section */
		9826E1AA2314D2A10004C8DC /* ojph_colour.h in Headers */ = {isa = PBXBuildFile; fileRef = 983B3FD82303E7F200AF0CA3 /* ojph_colour.h */; };
		9826E1AC2314D2A10004C8DC /* ojph_file.h in Headers */ = {isa = PBXBuildFile; fileRef = 98F9462A22ED059E0028BE15 /* ojph_file.h */; };
		9826E1AE2314D2A10004C8DC /* ojph_params_local.h in Headers */ = {isa = PBXBuildFile; fileRef = 98F9463122EDC39C0028BE15 /* ojph_params_local.h */; };
		9826E1B02314D2A10004C8DC /* ojph_base.h in Headers */ = {isa = PBXBuildFile; fileRef = 98B578A22298EA5E006844CD /* ojph_base.h */; };
		9826E1B12314D2A10004C8DC /* ojph_codestream_local.h in Headers */ = {isa = PBXBuildFile; fileRef = 98F9462D22ED967F0028BE15 /* ojph_codestream_local.h */; };
		9826E1B42314D2A10004C8DC /* ojph_defs.h in Headers */ = {isa = PBXBuildFile; fileRef = 98B578B322A0EBB4006844CD /* ojph_defs.h */; };
		9826E1B52314D2A10004C8DC /* ojph_mem.h in Headers */ = {isa = PBXBuildFile; fileRef = 98F9461E22E891940028BE15 /* ojph_mem.h */; };
		9826E1B62314D2A10004C8DC /* ojph_arch.h in Headers */ = {isa = PBXBuildFile; fileRef = 98B578A9229951D6006844CD /* ojph_arch.h */; };
		9826E1B72314D2A10004C8DC /* ojph_codestream.h in Headers */ = {isa = PBXBuildFile; fileRef = 98F9462622EC2C460028BE15 /* ojph_codestream.h */; };
		9826E1B82314D2A10004C8DC /* ojph_transform.h in Headers */ = {isa = PBXBuildFile; fileRef = 983B3FDF2306248200AF0CA3 /* ojph_transform.h */; };
		9826E1BE2314D2A10004C8DC /* ojph_codestream.cpp in Sources */ = {isa = PBXBuildFile; fileRef = 98F9462522EC2C460028BE15 /* ojph_codestream.cpp */; };
		9826E1C12314D2A10004C8DC /* ojph_colour.cpp in Sources */ = {isa = PBXBuildFile; fileRef = 983B3FD92303E7F200AF0CA3 /* ojph_colour.cpp */; };
		9826E1C22314D2A10004C8DC /* ojph_arch.cpp in Sources */ = {isa = PBXBuildFile; fileRef = 98B578AE229A5720006844CD /* ojph_arch.cpp */; };
		9826E1C32314D2A10004C8DC /* ojph_transform.cpp in Sources */ = {isa = PBXBuildFile; fileRef = 983B3FDE2306248200AF0CA3 /* ojph_transform.cpp */; };
		9826E1C52314D2A10004C8DC /* ojph_file.cpp in Sources */ = {isa = PBXBuildFile; fileRef = 98F9462922ED059E0028BE15 /* ojph_file.cpp */; };
		9826E1C62314D2A10004C8DC /* ojph_mem.cpp in Sources */ = {isa = PBXBuildFile; fileRef = 98F9461D22E891940028BE15 /* ojph_mem.cpp */; };
		9826E1C72314D2A10004C8DC /* ojph_params.cpp in Sources */ = {isa = PBXBuildFile; fileRef = 98F9463022EDC39C0028BE15 /* ojph_params.cpp */; };
		9826E1E72315EED60004C8DC /* table0.h in Headers */ = {isa = PBXBuildFile; fileRef = 9826E1E32315EED60004C8DC /* table0.h */; };
		9826E1E82315EED60004C8DC /* ojph_block_decoder.h in Headers */ = {isa = PBXBuildFile; fileRef = 9826E1E42315EED60004C8DC /* ojph_block_decoder.h */; };
		9826E1E92315EED60004C8DC /* ojph_block_decoder.cpp in Sources */ = {isa = PBXBuildFile; fileRef = 9826E1E52315EED60004C8DC /* ojph_block_decoder.cpp */; };
		9826E1EA2315EED60004C8DC /* table1.h in Headers */ = {isa = PBXBuildFile; fileRef = 9826E1E62315EED60004C8DC /* table1.h */; };
		9826E1EC2315F36B0004C8DC /* ojph_arg.h in Headers */ = {isa = PBXBuildFile; fileRef = 9826E1EB2315F36B0004C8DC /* ojph_arg.h */; };
		9826E1EF231781FF0004C8DC /* ojph_message.cpp in Sources */ = {isa = PBXBuildFile; fileRef = 9826E1EE231781FF0004C8DC /* ojph_message.cpp */; };
		983333B62330491300CF17FD /* ojph_block_encoder.cpp in Sources */ = {isa = PBXBuildFile; fileRef = 983333B42330491300CF17FD /* ojph_block_encoder.cpp */; };
		983333B72330491300CF17FD /* ojph_block_encoder.h in Headers */ = {isa = PBXBuildFile; fileRef = 983333B52330491300CF17FD /* ojph_block_encoder.h */; };
		9852266327D7C15E00B09249 /* ojph_block_decoder2.cpp in Sources */ = {isa = PBXBuildFile; fileRef = 9852266227D7C15E00B09249 /* ojph_block_decoder2.cpp */; };
		9852266827F6BCAC00B09249 /* tsc-measure.h in Headers */ = {isa = PBXBuildFile; fileRef = 9852266727F6BCAC00B09249 /* tsc-measure.h */; };
		98891342235046B300AED5EF /* ojph_colour_sse.cpp in Sources */ = {isa = PBXBuildFile; fileRef = 98891341235046B300AED5EF /* ojph_colour_sse.cpp */; settings = {COMPILER_FLAGS = "-msse"; }; };
		988913442350473F00AED5EF /* ojph_colour_local.h in Headers */ = {isa = PBXBuildFile; fileRef = 988913432350473F00AED5EF /* ojph_colour_local.h */; };
		988913462350481F00AED5EF /* ojph_colour_sse2.cpp in Sources */ = {isa = PBXBuildFile; fileRef = 988913452350481F00AED5EF /* ojph_colour_sse2.cpp */; settings = {COMPILER_FLAGS = "-msse2"; }; };
		9889134823513E2F00AED5EF /* ojph_colour_avx.cpp in Sources */ = {isa = PBXBuildFile; fileRef = 9889134723513E2F00AED5EF /* ojph_colour_avx.cpp */; settings = {COMPILER_FLAGS = "-mavx"; }; };
		9889134A23513E4700AED5EF /* ojph_colour_avx2.cpp in Sources */ = {isa = PBXBuildFile; fileRef = 9889134923513E4700AED5EF /* ojph_colour_avx2.cpp */; settings = {COMPILER_FLAGS = "-mavx2"; }; };
		9889134E2352892000AED5EF /* ojph_transform_local.h in Headers */ = {isa = PBXBuildFile; fileRef = 9889134D2352892000AED5EF /* ojph_transform_local.h */; };
		9889135023528F2600AED5EF /* ojph_transform_sse.cpp in Sources */ = {isa = PBXBuildFile; fileRef = 9889134F23528F2600AED5EF /* ojph_transform_sse.cpp */; settings = {COMPILER_FLAGS = "-msse"; }; };
		988913522352AA5600AED5EF /* ojph_transform_avx.cpp in Sources */ = {isa = PBXBuildFile; fileRef = 988913512352AA5600AED5EF /* ojph_transform_avx.cpp */; settings = {COMPILER_FLAGS = "-mavx"; }; };
		988913542352B49700AED5EF /* ojph_transform_sse2.cpp in Sources */ = {isa = PBXBuildFile; fileRef = 988913532352B49700AED5EF /* ojph_transform_sse2.cpp */; settings = {COMPILER_FLAGS = "-msse2"; }; };
		988913562352B4DB00AED5EF /* ojph_transform_avx2.cpp in Sources */ = {isa = PBXBuildFile; fileRef = 988913552352B4DB00AED5EF /* ojph_transform_avx2.cpp */; settings = {COMPILER_FLAGS = "-mavx2"; }; };
		98AB89F02602C3BB002619DD /* ojph_block_decoder_sse2.cpp in Sources */ = {isa = PBXBuildFile; fileRef = 98AB89EF2602C3BB002619DD /* ojph_block_decoder_sse2.cpp */; };
/* End PBXBuildFile section */

/* Begin PBXFileReference section */
		9826E1CC2314D2A10004C8DC /* libopenjph-0.0.0.dylib */ = {isa = PBXFileReference; explicitFileType = "compiled.mach-o.dylib"; includeInIndex = 0; path = "libopenjph-0.0.0.dylib"; sourceTree = BUILT_PRODUCTS_DIR; };
		9826E1E32315EED60004C8DC /* table0.h */ = {isa = PBXFileReference; fileEncoding = 4; lastKnownFileType = sourcecode.c.h; path = table0.h; sourceTree = "<group>"; };
		9826E1E42315EED60004C8DC /* ojph_block_decoder.h */ = {isa = PBXFileReference; fileEncoding = 4; lastKnownFileType = sourcecode.c.h; path = ojph_block_decoder.h; sourceTree = "<group>"; };
		9826E1E52315EED60004C8DC /* ojph_block_decoder.cpp */ = {isa = PBXFileReference; fileEncoding = 4; lastKnownFileType = sourcecode.cpp.cpp; path = ojph_block_decoder.cpp; sourceTree = "<group>"; };
		9826E1E62315EED60004C8DC /* table1.h */ = {isa = PBXFileReference; fileEncoding = 4; lastKnownFileType = sourcecode.c.h; path = table1.h; sourceTree = "<group>"; };
		9826E1EB2315F36B0004C8DC /* ojph_arg.h */ = {isa = PBXFileReference; fileEncoding = 4; lastKnownFileType = sourcecode.c.h; path = ojph_arg.h; sourceTree = "<group>"; };
		9826E1ED2317818B0004C8DC /* ojph_message.h */ = {isa = PBXFileReference; lastKnownFileType = sourcecode.c.h; path = ojph_message.h; sourceTree = "<group>"; };
		9826E1EE231781FF0004C8DC /* ojph_message.cpp */ = {isa = PBXFileReference; fileEncoding = 4; lastKnownFileType = sourcecode.cpp.cpp; path = ojph_message.cpp; sourceTree = "<group>"; };
		983333B42330491300CF17FD /* ojph_block_encoder.cpp */ = {isa = PBXFileReference; lastKnownFileType = sourcecode.cpp.cpp; path = ojph_block_encoder.cpp; sourceTree = "<group>"; };
		983333B52330491300CF17FD /* ojph_block_encoder.h */ = {isa = PBXFileReference; lastKnownFileType = sourcecode.c.h; path = ojph_block_encoder.h; sourceTree = "<group>"; };
		983B3FD82303E7F200AF0CA3 /* ojph_colour.h */ = {isa = PBXFileReference; lastKnownFileType = sourcecode.c.h; path = ojph_colour.h; sourceTree = "<group>"; };
		983B3FD92303E7F200AF0CA3 /* ojph_colour.cpp */ = {isa = PBXFileReference; lastKnownFileType = sourcecode.cpp.cpp; path = ojph_colour.cpp; sourceTree = "<group>"; };
		983B3FDE2306248200AF0CA3 /* ojph_transform.cpp */ = {isa = PBXFileReference; lastKnownFileType = sourcecode.cpp.cpp; path = ojph_transform.cpp; sourceTree = "<group>"; };
		983B3FDF2306248200AF0CA3 /* ojph_transform.h */ = {isa = PBXFileReference; lastKnownFileType = sourcecode.c.h; path = ojph_transform.h; sourceTree = "<group>"; };
		9852266227D7C15E00B09249 /* ojph_block_decoder2.cpp */ = {isa = PBXFileReference; fileEncoding = 4; lastKnownFileType = sourcecode.cpp.cpp; path = ojph_block_decoder2.cpp; sourceTree = "<group>"; };
		9852266727F6BCAC00B09249 /* tsc-measure.h */ = {isa = PBXFileReference; fileEncoding = 4; lastKnownFileType = sourcecode.c.h; path = "tsc-measure.h"; sourceTree = "<group>"; };
		98891341235046B300AED5EF /* ojph_colour_sse.cpp */ = {isa = PBXFileReference; fileEncoding = 4; lastKnownFileType = sourcecode.cpp.cpp; path = ojph_colour_sse.cpp; sourceTree = "<group>"; };
		988913432350473F00AED5EF /* ojph_colour_local.h */ = {isa = PBXFileReference; fileEncoding = 4; lastKnownFileType = sourcecode.c.h; path = ojph_colour_local.h; sourceTree = "<group>"; };
		988913452350481F00AED5EF /* ojph_colour_sse2.cpp */ = {isa = PBXFileReference; fileEncoding = 4; lastKnownFileType = sourcecode.cpp.cpp; path = ojph_colour_sse2.cpp; sourceTree = "<group>"; };
		9889134723513E2F00AED5EF /* ojph_colour_avx.cpp */ = {isa = PBXFileReference; fileEncoding = 4; lastKnownFileType = sourcecode.cpp.cpp; path = ojph_colour_avx.cpp; sourceTree = "<group>"; };
		9889134923513E4700AED5EF /* ojph_colour_avx2.cpp */ = {isa = PBXFileReference; fileEncoding = 4; lastKnownFileType = sourcecode.cpp.cpp; path = ojph_colour_avx2.cpp; sourceTree = "<group>"; };
		9889134D2352892000AED5EF /* ojph_transform_local.h */ = {isa = PBXFileReference; fileEncoding = 4; lastKnownFileType = sourcecode.c.h; path = ojph_transform_local.h; sourceTree = "<group>"; };
		9889134F23528F2600AED5EF /* ojph_transform_sse.cpp */ = {isa = PBXFileReference; fileEncoding = 4; lastKnownFileType = sourcecode.cpp.cpp; path = ojph_transform_sse.cpp; sourceTree = "<group>"; };
		988913512352AA5600AED5EF /* ojph_transform_avx.cpp */ = {isa = PBXFileReference; fileEncoding = 4; lastKnownFileType = sourcecode.cpp.cpp; path = ojph_transform_avx.cpp; sourceTree = "<group>"; };
		988913532352B49700AED5EF /* ojph_transform_sse2.cpp */ = {isa = PBXFileReference; fileEncoding = 4; lastKnownFileType = sourcecode.cpp.cpp; path = ojph_transform_sse2.cpp; sourceTree = "<group>"; };
		988913552352B4DB00AED5EF /* ojph_transform_avx2.cpp */ = {isa = PBXFileReference; fileEncoding = 4; lastKnownFileType = sourcecode.cpp.cpp; path = ojph_transform_avx2.cpp; sourceTree = "<group>"; };
		98AB89EF2602C3BB002619DD /* ojph_block_decoder_sse2.cpp */ = {isa = PBXFileReference; fileEncoding = 4; lastKnownFileType = sourcecode.cpp.cpp; path = ojph_block_decoder_sse2.cpp; sourceTree = "<group>"; };
		98B578A22298EA5E006844CD /* ojph_base.h */ = {isa = PBXFileReference; fileEncoding = 4; lastKnownFileType = sourcecode.c.h; path = ojph_base.h; sourceTree = "<group>"; };
		98B578A9229951D6006844CD /* ojph_arch.h */ = {isa = PBXFileReference; fileEncoding = 4; lastKnownFileType = sourcecode.c.h; path = ojph_arch.h; sourceTree = "<group>"; };
		98B578AE229A5720006844CD /* ojph_arch.cpp */ = {isa = PBXFileReference; lastKnownFileType = sourcecode.cpp.cpp; path = ojph_arch.cpp; sourceTree = "<group>"; };
		98B578B322A0EBB4006844CD /* ojph_defs.h */ = {isa = PBXFileReference; fileEncoding = 4; lastKnownFileType = sourcecode.c.h; path = ojph_defs.h; sourceTree = "<group>"; };
		98F9461D22E891940028BE15 /* ojph_mem.cpp */ = {isa = PBXFileReference; lastKnownFileType = sourcecode.cpp.cpp; path = ojph_mem.cpp; sourceTree = "<group>"; };
		98F9461E22E891940028BE15 /* ojph_mem.h */ = {isa = PBXFileReference; lastKnownFileType = sourcecode.c.h; path = ojph_mem.h; sourceTree = "<group>"; };
		98F9462522EC2C460028BE15 /* ojph_codestream.cpp */ = {isa = PBXFileReference; lastKnownFileType = sourcecode.cpp.cpp; path = ojph_codestream.cpp; sourceTree = "<group>"; };
		98F9462622EC2C460028BE15 /* ojph_codestream.h */ = {isa = PBXFileReference; lastKnownFileType = sourcecode.c.h; path = ojph_codestream.h; sourceTree = "<group>"; };
		98F9462922ED059E0028BE15 /* ojph_file.cpp */ = {isa = PBXFileReference; lastKnownFileType = sourcecode.cpp.cpp; path = ojph_file.cpp; sourceTree = "<group>"; };
		98F9462A22ED059E0028BE15 /* ojph_file.h */ = {isa = PBXFileReference; lastKnownFileType = sourcecode.c.h; path = ojph_file.h; sourceTree = "<group>"; };
		98F9462D22ED967F0028BE15 /* ojph_codestream_local.h */ = {isa = PBXFileReference; lastKnownFileType = sourcecode.c.h; path = ojph_codestream_local.h; sourceTree = "<group>"; };
		98F9463022EDC39C0028BE15 /* ojph_params.cpp */ = {isa = PBXFileReference; lastKnownFileType = sourcecode.cpp.cpp; path = ojph_params.cpp; sourceTree = "<group>"; };
		98F9463122EDC39C0028BE15 /* ojph_params_local.h */ = {isa = PBXFileReference; lastKnownFileType = sourcecode.c.h; path = ojph_params_local.h; sourceTree = "<group>"; };
		98F9463422EE63FD0028BE15 /* ojph_params.h */ = {isa = PBXFileReference; lastKnownFileType = sourcecode.c.h; path = ojph_params.h; sourceTree = "<group>"; };
/* End PBXFileReference section */

/* Begin PBXFrameworksBuildPhase section */
		9826E1C82314D2A10004C8DC /* Frameworks */ = {
			isa = PBXFrameworksBuildPhase;
			buildActionMask = 2147483647;
			files = (
			);
			runOnlyForDeploymentPostprocessing = 0;
		};
/* End PBXFrameworksBuildPhase section */

/* Begin PBXGroup section */
		9826E1862314B38C0004C8DC /* coding */ = {
			isa = PBXGroup;
			children = (
				9852266727F6BCAC00B09249 /* tsc-measure.h */,
				9852266227D7C15E00B09249 /* ojph_block_decoder2.cpp */,
				98AB89EF2602C3BB002619DD /* ojph_block_decoder_sse2.cpp */,
				9826E1E52315EED60004C8DC /* ojph_block_decoder.cpp */,
				9826E1E42315EED60004C8DC /* ojph_block_decoder.h */,
				983333B42330491300CF17FD /* ojph_block_encoder.cpp */,
				983333B52330491300CF17FD /* ojph_block_encoder.h */,
				9826E1E32315EED60004C8DC /* table0.h */,
				9826E1E62315EED60004C8DC /* table1.h */,
			);
			path = coding;
			sourceTree = "<group>";
		};
		9877C34A223DDDCC0072398E = {
			isa = PBXGroup;
			children = (
				9826E1862314B38C0004C8DC /* coding */,
				98B578A52298EC95006844CD /* codestream */,
				98B578A12298EA3A006844CD /* common */,
				98B578AD229A56DB006844CD /* others */,
				98B578A42298EC40006844CD /* transform */,
				9877C354223DDDCC0072398E /* Products */,
			);
			sourceTree = "<group>";
		};
		9877C354223DDDCC0072398E /* Products */ = {
			isa = PBXGroup;
			children = (
				9826E1CC2314D2A10004C8DC /* libopenjph-0.0.0.dylib */,
			);
			name = Products;
			sourceTree = "<group>";
		};
		98B578A12298EA3A006844CD /* common */ = {
			isa = PBXGroup;
			children = (
				98B578A9229951D6006844CD /* ojph_arch.h */,
				9826E1EB2315F36B0004C8DC /* ojph_arg.h */,
				98B578A22298EA5E006844CD /* ojph_base.h */,
				98F9462622EC2C460028BE15 /* ojph_codestream.h */,
				98B578B322A0EBB4006844CD /* ojph_defs.h */,
				98F9462A22ED059E0028BE15 /* ojph_file.h */,
				98F9461E22E891940028BE15 /* ojph_mem.h */,
				9826E1ED2317818B0004C8DC /* ojph_message.h */,
				98F9463422EE63FD0028BE15 /* ojph_params.h */,
			);
			path = common;
			sourceTree = "<group>";
		};
		98B578A42298EC40006844CD /* transform */ = {
			isa = PBXGroup;
			children = (
				983B3FD82303E7F200AF0CA3 /* ojph_colour.h */,
				988913432350473F00AED5EF /* ojph_colour_local.h */,
				983B3FD92303E7F200AF0CA3 /* ojph_colour.cpp */,
				98891341235046B300AED5EF /* ojph_colour_sse.cpp */,
				988913452350481F00AED5EF /* ojph_colour_sse2.cpp */,
				9889134723513E2F00AED5EF /* ojph_colour_avx.cpp */,
				9889134923513E4700AED5EF /* ojph_colour_avx2.cpp */,
				983B3FDF2306248200AF0CA3 /* ojph_transform.h */,
				9889134D2352892000AED5EF /* ojph_transform_local.h */,
				983B3FDE2306248200AF0CA3 /* ojph_transform.cpp */,
				9889134F23528F2600AED5EF /* ojph_transform_sse.cpp */,
				988913532352B49700AED5EF /* ojph_transform_sse2.cpp */,
				988913512352AA5600AED5EF /* ojph_transform_avx.cpp */,
				988913552352B4DB00AED5EF /* ojph_transform_avx2.cpp */,
			);
			path = transform;
			sourceTree = "<group>";
		};
		98B578A52298EC95006844CD /* codestream */ = {
			isa = PBXGroup;
			children = (
				98F9462D22ED967F0028BE15 /* ojph_codestream_local.h */,
				98F9462522EC2C460028BE15 /* ojph_codestream.cpp */,
				98F9463122EDC39C0028BE15 /* ojph_params_local.h */,
				98F9463022EDC39C0028BE15 /* ojph_params.cpp */,
			);
			path = codestream;
			sourceTree = "<group>";
		};
		98B578AD229A56DB006844CD /* others */ = {
			isa = PBXGroup;
			children = (
				98B578AE229A5720006844CD /* ojph_arch.cpp */,
				98F9462922ED059E0028BE15 /* ojph_file.cpp */,
				98F9461D22E891940028BE15 /* ojph_mem.cpp */,
				9826E1EE231781FF0004C8DC /* ojph_message.cpp */,
			);
			path = others;
			sourceTree = "<group>";
		};
/* End PBXGroup section */

/* Begin PBXHeadersBuildPhase section */
		9826E1A92314D2A10004C8DC /* Headers */ = {
			isa = PBXHeadersBuildPhase;
			buildActionMask = 2147483647;
			files = (
				983333B72330491300CF17FD /* ojph_block_encoder.h in Headers */,
				9826E1AA2314D2A10004C8DC /* ojph_colour.h in Headers */,
				9826E1AC2314D2A10004C8DC /* ojph_file.h in Headers */,
				9826E1E72315EED60004C8DC /* table0.h in Headers */,
				9826E1AE2314D2A10004C8DC /* ojph_params_local.h in Headers */,
				9826E1B02314D2A10004C8DC /* ojph_base.h in Headers */,
				9889134E2352892000AED5EF /* ojph_transform_local.h in Headers */,
				9826E1B12314D2A10004C8DC /* ojph_codestream_local.h in Headers */,
				988913442350473F00AED5EF /* ojph_colour_local.h in Headers */,
				9826E1E82315EED60004C8DC /* ojph_block_decoder.h in Headers */,
				9826E1B42314D2A10004C8DC /* ojph_defs.h in Headers */,
				9826E1B52314D2A10004C8DC /* ojph_mem.h in Headers */,
				9826E1B62314D2A10004C8DC /* ojph_arch.h in Headers */,
				9826E1B72314D2A10004C8DC /* ojph_codestream.h in Headers */,
				9826E1B82314D2A10004C8DC /* ojph_transform.h in Headers */,
				9826E1EA2315EED60004C8DC /* table1.h in Headers */,
				9852266827F6BCAC00B09249 /* tsc-measure.h in Headers */,
				9826E1EC2315F36B0004C8DC /* ojph_arg.h in Headers */,
			);
			runOnlyForDeploymentPostprocessing = 0;
		};
/* End PBXHeadersBuildPhase section */

/* Begin PBXNativeTarget section */
		9826E1A82314D2A10004C8DC /* openjph */ = {
			isa = PBXNativeTarget;
			buildConfigurationList = 9826E1C92314D2A10004C8DC /* Build configuration list for PBXNativeTarget "openjph" */;
			buildPhases = (
				9826E1A92314D2A10004C8DC /* Headers */,
				9826E1BA2314D2A10004C8DC /* Sources */,
				9826E1C82314D2A10004C8DC /* Frameworks */,
			);
			buildRules = (
			);
			dependencies = (
			);
			name = openjph;
			productName = core;
			productReference = 9826E1CC2314D2A10004C8DC /* libopenjph-0.0.0.dylib */;
			productType = "com.apple.product-type.library.dynamic";
		};
/* End PBXNativeTarget section */

/* Begin PBXProject section */
		9877C34B223DDDCC0072398E /* Project object */ = {
			isa = PBXProject;
			attributes = {
				LastUpgradeCheck = 1010;
				ORGANIZATIONNAME = "Aous Naman";
			};
			buildConfigurationList = 9877C34E223DDDCC0072398E /* Build configuration list for PBXProject "core" */;
			compatibilityVersion = "Xcode 9.3";
			developmentRegion = en;
			hasScannedForEncodings = 0;
			knownRegions = (
				en,
				Base,
			);
			mainGroup = 9877C34A223DDDCC0072398E;
			productRefGroup = 9877C354223DDDCC0072398E /* Products */;
			projectDirPath = "";
			projectRoot = "";
			targets = (
				9826E1A82314D2A10004C8DC /* openjph */,
			);
		};
/* End PBXProject section */

/* Begin PBXSourcesBuildPhase section */
		9826E1BA2314D2A10004C8DC /* Sources */ = {
			isa = PBXSourcesBuildPhase;
			buildActionMask = 2147483647;
			files = (
				9826E1BE2314D2A10004C8DC /* ojph_codestream.cpp in Sources */,
				9826E1E92315EED60004C8DC /* ojph_block_decoder.cpp in Sources */,
				9826E1EF231781FF0004C8DC /* ojph_message.cpp in Sources */,
				9826E1C22314D2A10004C8DC /* ojph_arch.cpp in Sources */,
				9826E1C52314D2A10004C8DC /* ojph_file.cpp in Sources */,
				9826E1C62314D2A10004C8DC /* ojph_mem.cpp in Sources */,
				9826E1C12314D2A10004C8DC /* ojph_colour.cpp in Sources */,
				9826E1C72314D2A10004C8DC /* ojph_params.cpp in Sources */,
				983333B62330491300CF17FD /* ojph_block_encoder.cpp in Sources */,
				9826E1C32314D2A10004C8DC /* ojph_transform.cpp in Sources */,
				9889135023528F2600AED5EF /* ojph_transform_sse.cpp in Sources */,
				988913542352B49700AED5EF /* ojph_transform_sse2.cpp in Sources */,
				988913522352AA5600AED5EF /* ojph_transform_avx.cpp in Sources */,
				9852266327D7C15E00B09249 /* ojph_block_decoder2.cpp in Sources */,
				98AB89F02602C3BB002619DD /* ojph_block_decoder_sse2.cpp in Sources */,
				98891342235046B300AED5EF /* ojph_colour_sse.cpp in Sources */,
				988913462350481F00AED5EF /* ojph_colour_sse2.cpp in Sources */,
				9889134823513E2F00AED5EF /* ojph_colour_avx.cpp in Sources */,
				9889134A23513E4700AED5EF /* ojph_colour_avx2.cpp in Sources */,
				988913562352B4DB00AED5EF /* ojph_transform_avx2.cpp in Sources */,
			);
			runOnlyForDeploymentPostprocessing = 0;
		};
/* End PBXSourcesBuildPhase section */

/* Begin XCBuildConfiguration section */
		9826E1CA2314D2A10004C8DC /* Debug */ = {
			isa = XCBuildConfiguration;
			buildSettings = {
				CLANG_CXX_LANGUAGE_STANDARD = "c++0x";
				CODE_SIGN_STYLE = Automatic;
				DYLIB_COMPATIBILITY_VERSION = 1;
				DYLIB_CURRENT_VERSION = 1;
				EXECUTABLE_PREFIX = lib;
				PRODUCT_NAME = "$(TARGET_NAME)-0.0.0";
				SKIP_INSTALL = YES;
			};
			name = Debug;
		};
		9826E1CB2314D2A10004C8DC /* Release */ = {
			isa = XCBuildConfiguration;
			buildSettings = {
				CLANG_CXX_LANGUAGE_STANDARD = "c++0x";
				CODE_SIGN_STYLE = Automatic;
				DYLIB_COMPATIBILITY_VERSION = 1;
				DYLIB_CURRENT_VERSION = 1;
				EXECUTABLE_PREFIX = lib;
				GCC_PREPROCESSOR_DEFINITIONS = NDEBUG;
				PRODUCT_NAME = "$(TARGET_NAME)-0.0.0";
				SKIP_INSTALL = YES;
			};
			name = Release;
		};
		9877C355223DDDCC0072398E /* Debug */ = {
			isa = XCBuildConfiguration;
			buildSettings = {
				ALWAYS_SEARCH_USER_PATHS = NO;
				CLANG_ANALYZER_NONNULL = YES;
				CLANG_ANALYZER_NUMBER_OBJECT_CONVERSION = YES_AGGRESSIVE;
				CLANG_CXX_LANGUAGE_STANDARD = "gnu++14";
				CLANG_CXX_LIBRARY = "libc++";
				CLANG_ENABLE_MODULES = YES;
				CLANG_ENABLE_OBJC_ARC = YES;
				CLANG_ENABLE_OBJC_WEAK = YES;
				CLANG_WARN_BLOCK_CAPTURE_AUTORELEASING = YES;
				CLANG_WARN_BOOL_CONVERSION = YES;
				CLANG_WARN_COMMA = YES;
				CLANG_WARN_CONSTANT_CONVERSION = YES;
				CLANG_WARN_DEPRECATED_OBJC_IMPLEMENTATIONS = YES;
				CLANG_WARN_DIRECT_OBJC_ISA_USAGE = YES_ERROR;
				CLANG_WARN_DOCUMENTATION_COMMENTS = YES;
				CLANG_WARN_EMPTY_BODY = YES;
				CLANG_WARN_ENUM_CONVERSION = YES;
				CLANG_WARN_INFINITE_RECURSION = YES;
				CLANG_WARN_INT_CONVERSION = YES;
				CLANG_WARN_NON_LITERAL_NULL_CONVERSION = YES;
				CLANG_WARN_OBJC_IMPLICIT_RETAIN_SELF = YES;
				CLANG_WARN_OBJC_LITERAL_CONVERSION = YES;
				CLANG_WARN_OBJC_ROOT_CLASS = YES_ERROR;
				CLANG_WARN_RANGE_LOOP_ANALYSIS = YES;
				CLANG_WARN_STRICT_PROTOTYPES = YES;
				CLANG_WARN_SUSPICIOUS_MOVE = YES;
				CLANG_WARN_UNGUARDED_AVAILABILITY = YES_AGGRESSIVE;
				CLANG_WARN_UNREACHABLE_CODE = YES;
				CLANG_WARN__DUPLICATE_METHOD_MATCH = YES;
				CODE_SIGN_IDENTITY = "-";
				COPY_PHASE_STRIP = NO;
				DEBUG_INFORMATION_FORMAT = dwarf;
				ENABLE_STRICT_OBJC_MSGSEND = YES;
				ENABLE_TESTABILITY = YES;
				GCC_C_LANGUAGE_STANDARD = gnu11;
				GCC_DYNAMIC_NO_PIC = NO;
				GCC_NO_COMMON_BLOCKS = YES;
				GCC_OPTIMIZATION_LEVEL = 0;
				GCC_PREPROCESSOR_DEFINITIONS = (
					"DEBUG=1",
					"$(inherited)",
				);
				GCC_WARN_64_TO_32_BIT_CONVERSION = YES;
				GCC_WARN_ABOUT_RETURN_TYPE = YES_ERROR;
				GCC_WARN_UNDECLARED_SELECTOR = YES;
				GCC_WARN_UNINITIALIZED_AUTOS = YES_AGGRESSIVE;
				GCC_WARN_UNUSED_FUNCTION = YES;
				GCC_WARN_UNUSED_VARIABLE = YES;
				MACOSX_DEPLOYMENT_TARGET = 10.14;
				MTL_ENABLE_DEBUG_INFO = INCLUDE_SOURCE;
				MTL_FAST_MATH = YES;
				ONLY_ACTIVE_ARCH = YES;
				SDKROOT = macosx;
			};
			name = Debug;
		};
		9877C356223DDDCC0072398E /* Release */ = {
			isa = XCBuildConfiguration;
			buildSettings = {
				ALWAYS_SEARCH_USER_PATHS = NO;
				CLANG_ANALYZER_NONNULL = YES;
				CLANG_ANALYZER_NUMBER_OBJECT_CONVERSION = YES_AGGRESSIVE;
				CLANG_CXX_LANGUAGE_STANDARD = "gnu++14";
				CLANG_CXX_LIBRARY = "libc++";
				CLANG_ENABLE_MODULES = YES;
				CLANG_ENABLE_OBJC_ARC = YES;
				CLANG_ENABLE_OBJC_WEAK = YES;
				CLANG_WARN_BLOCK_CAPTURE_AUTORELEASING = YES;
				CLANG_WARN_BOOL_CONVERSION = YES;
				CLANG_WARN_COMMA = YES;
				CLANG_WARN_CONSTANT_CONVERSION = YES;
				CLANG_WARN_DEPRECATED_OBJC_IMPLEMENTATIONS = YES;
				CLANG_WARN_DIRECT_OBJC_ISA_USAGE = YES_ERROR;
				CLANG_WARN_DOCUMENTATION_COMMENTS = YES;
				CLANG_WARN_EMPTY_BODY = YES;
				CLANG_WARN_ENUM_CONVERSION = YES;
				CLANG_WARN_INFINITE_RECURSION = YES;
				CLANG_WARN_INT_CONVERSION = YES;
				CLANG_WARN_NON_LITERAL_NULL_CONVERSION = YES;
				CLANG_WARN_OBJC_IMPLICIT_RETAIN_SELF = YES;
				CLANG_WARN_OBJC_LITERAL_CONVERSION = YES;
				CLANG_WARN_OBJC_ROOT_CLASS = YES_ERROR;
				CLANG_WARN_RANGE_LOOP_ANALYSIS = YES;
				CLANG_WARN_STRICT_PROTOTYPES = YES;
				CLANG_WARN_SUSPICIOUS_MOVE = YES;
				CLANG_WARN_UNGUARDED_AVAILABILITY = YES_AGGRESSIVE;
				CLANG_WARN_UNREACHABLE_CODE = YES;
				CLANG_WARN__DUPLICATE_METHOD_MATCH = YES;
				CODE_SIGN_IDENTITY = "-";
				COPY_PHASE_STRIP = NO;
				DEBUG_INFORMATION_FORMAT = "dwarf-with-dsym";
				ENABLE_NS_ASSERTIONS = NO;
				ENABLE_STRICT_OBJC_MSGSEND = YES;
				GCC_C_LANGUAGE_STANDARD = gnu11;
				GCC_NO_COMMON_BLOCKS = YES;
				GCC_PREPROCESSOR_DEFINITIONS = "";
				GCC_WARN_64_TO_32_BIT_CONVERSION = YES;
				GCC_WARN_ABOUT_RETURN_TYPE = YES_ERROR;
				GCC_WARN_UNDECLARED_SELECTOR = YES;
				GCC_WARN_UNINITIALIZED_AUTOS = YES_AGGRESSIVE;
				GCC_WARN_UNUSED_FUNCTION = YES;
				GCC_WARN_UNUSED_VARIABLE = YES;
				MACOSX_DEPLOYMENT_TARGET = 10.14;
				MTL_ENABLE_DEBUG_INFO = NO;
				MTL_FAST_MATH = YES;
				SDKROOT = macosx;
			};
			name = Release;
		};
/* End XCBuildConfiguration section */

/* Begin XCConfigurationList section */
		9826E1C92314D2A10004C8DC /* Build configuration list for PBXNativeTarget "openjph" */ = {
			isa = XCConfigurationList;
			buildConfigurations = (
				9826E1CA2314D2A10004C8DC /* Debug */,
				9826E1CB2314D2A10004C8DC /* Release */,
			);
			defaultConfigurationIsVisible = 0;
			defaultConfigurationName = Release;
		};
		9877C34E223DDDCC0072398E /* Build configuration list for PBXProject "core" */ = {
			isa = XCConfigurationList;
			buildConfigurations = (
				9877C355223DDDCC0072398E /* Debug */,
				9877C356223DDDCC0072398E /* Release */,
			);
			defaultConfigurationIsVisible = 0;
			defaultConfigurationName = Release;
		};
/* End XCConfigurationList section */
	};
	rootObject = 9877C34B223DDDCC0072398E /* Project object */;
}
